# THIS IS AN AUTOGENERATED FILE. DO NOT EDIT THIS FILE DIRECTLY.
# yarn lockfile v1


"@orchidjs/sifter@^1.0.3":
  version "1.0.3"
  resolved "https://registry.yarnpkg.com/@orchidjs/sifter/-/sifter-1.0.3.tgz#43f42519472282eb632d0a1589184f044d64129b"
  integrity sha512-zCZbwKegHytfsPm8Amcfh7v/4vHqTAaOu6xFswBYcn8nznBOuseu6COB2ON7ez0tFV0mKL0nRNnCiZZA+lU9/g==
  dependencies:
    "@orchidjs/unicode-variants" "^1.0.4"

"@orchidjs/unicode-variants@^1.0.4":
  version "1.0.4"
  resolved "https://registry.yarnpkg.com/@orchidjs/unicode-variants/-/unicode-variants-1.0.4.tgz#6d2f812e3b19545bba2d81caffff1204de9a6a58"
  integrity sha512-NvVBRnZNE+dugiXERFsET1JlKZfM5lJDEpSMilKW4bToYJ7pxf0Zne78xyXB2ny2c2aHfJ6WLnz1AaTNHAmQeQ==

tom-select@^2.3.1:
  version "2.3.1"
  resolved "https://registry.yarnpkg.com/tom-select/-/tom-select-2.3.1.tgz#df338d9082874cd0bceb3bee87ed0184447c47f1"
  integrity sha512-QS4vnOcB6StNGqX4sGboGXL2fkhBF2gIBB+8Hwv30FZXYPn0CyYO8kkdATRvwfCTThxiR4WcXwKJZ3cOmtI9eg==
  dependencies:
    "@orchidjs/sifter" "^1.0.3"
    "@orchidjs/unicode-variants" "^1.0.4"
